
Microsoft Visual Studio Solution File, Format Version 12.00
# Visual Studio Version 17
VisualStudioVersion = 17.14.36401.2 d17.14
MinimumVisualStudioVersion = 10.0.40219.1
Project("{FAE04EC0-301F-11D3-BF4B-00C04F79EFBC}") = "Comprehensive_Practice1", "Comprehensive_Practice1.csproj", "{9652BE3C-C59B-489D-A004-3DAFF7923632}"
EndProject
Global
	GlobalSection(SolutionConfigurationPlatforms) = preSolution
		Debug|Any CPU = Debug|Any CPU
		Release|Any CPU = Release|Any CPU
	EndGlobalSection
	GlobalSection(ProjectConfigurationPlatforms) = postSolution
		{9652BE3C-C59B-489D-A004-3DAFF7923632}.Debug|Any CPU.ActiveCfg = Debug|Any CPU
		{9652BE3C-C59B-489D-A004-3DAFF7923632}.Debug|Any CPU.Build.0 = Debug|Any CPU
		{9652BE3C-C59B-489D-A004-3DAFF7923632}.Release|Any CPU.ActiveCfg = Release|Any CPU
		{9652BE3C-C59B-489D-A004-3DAFF7923632}.Release|Any CPU.Build.0 = Release|Any CPU
	EndGlobalSection
	GlobalSection(SolutionProperties) = preSolution
		HideSolutionNode = FALSE
	EndGlobalSection
	GlobalSection(ExtensibilityGlobals) = postSolution
		SolutionGuid = {ACDD22EA-7B40-4C6C-834B-DBCD5662C017}
	EndGlobalSection
EndGlobal
