
Microsoft Visual Studio Solution File, Format Version 12.00
# Visual Studio Version 17
VisualStudioVersion = 17.14.36401.2 d17.14
MinimumVisualStudioVersion = 10.0.40219.1
Project("{FAE04EC0-301F-11D3-BF4B-00C04F79EFBC}") = "HW1", "HW1\HW1.csproj", "{A458D566-94A1-4156-8AE5-F63C2B884A3E}"
EndProject
Global
	GlobalSection(SolutionConfigurationPlatforms) = preSolution
		Debug|Any CPU = Debug|Any CPU
		Release|Any CPU = Release|Any CPU
	EndGlobalSection
	GlobalSection(ProjectConfigurationPlatforms) = postSolution
		{A458D566-94A1-4156-8AE5-F63C2B884A3E}.Debug|Any CPU.ActiveCfg = Debug|Any CPU
		{A458D566-94A1-4156-8AE5-F63C2B884A3E}.Debug|Any CPU.Build.0 = Debug|Any CPU
		{A458D566-94A1-4156-8AE5-F63C2B884A3E}.Release|Any CPU.ActiveCfg = Release|Any CPU
		{A458D566-94A1-4156-8AE5-F63C2B884A3E}.Release|Any CPU.Build.0 = Release|Any CPU
	EndGlobalSection
	GlobalSection(SolutionProperties) = preSolution
		HideSolutionNode = FALSE
	EndGlobalSection
	GlobalSection(ExtensibilityGlobals) = postSolution
		SolutionGuid = {E73E2690-3EC4-404A-B841-2E58033EB872}
	EndGlobalSection
EndGlobal
