
Microsoft Visual Studio Solution File, Format Version 12.00
# Visual Studio Version 17
VisualStudioVersion = 17.14.36401.2 d17.14
MinimumVisualStudioVersion = 10.0.40219.1
Project("{FAE04EC0-301F-11D3-BF4B-00C04F79EFBC}") = "Q1", "Q1\Q1.csproj", "{9C5E1A3E-4DB9-4415-8A18-65FCA53B801C}"
EndProject
Global
	GlobalSection(SolutionConfigurationPlatforms) = preSolution
		Debug|Any CPU = Debug|Any CPU
		Release|Any CPU = Release|Any CPU
	EndGlobalSection
	GlobalSection(ProjectConfigurationPlatforms) = postSolution
		{9C5E1A3E-4DB9-4415-8A18-65FCA53B801C}.Debug|Any CPU.ActiveCfg = Debug|Any CPU
		{9C5E1A3E-4DB9-4415-8A18-65FCA53B801C}.Debug|Any CPU.Build.0 = Debug|Any CPU
		{9C5E1A3E-4DB9-4415-8A18-65FCA53B801C}.Release|Any CPU.ActiveCfg = Release|Any CPU
		{9C5E1A3E-4DB9-4415-8A18-65FCA53B801C}.Release|Any CPU.Build.0 = Release|Any CPU
	EndGlobalSection
	GlobalSection(SolutionProperties) = preSolution
		HideSolutionNode = FALSE
	EndGlobalSection
	GlobalSection(ExtensibilityGlobals) = postSolution
		SolutionGuid = {21BB308E-84E6-4985-8D9E-F20486B220CC}
	EndGlobalSection
EndGlobal
